
Microsoft Visual Studio Solution File, Format Version 12.00
# Visual Studio Version 17
VisualStudioVersion = 17.7.34221.43
MinimumVisualStudioVersion = 10.0.40219.1
Project("{FAE04EC0-301F-11D3-BF4B-00C04F79EFBC}") = "Contacter.Web", "Contacter.Web\Contacter.Web.csproj", "{DA79B3AD-AF38-4710-80E4-06613304841C}"
EndProject
Project("{FAE04EC0-301F-11D3-BF4B-00C04F79EFBC}") = "Contacter.Domain", "Contacter.Domain\Contacter.Domain.csproj", "{CC8EB697-935D-4C0E-8F1F-95A56732DFEF}"
EndProject
Project("{FAE04EC0-301F-11D3-BF4B-00C04F79EFBC}") = "Contacter.Application", "Contacter.Application\Contacter.Application.csproj", "{2D2A6A25-CDAE-494F-964D-CA99F66AE43C}"
EndProject
Project("{FAE04EC0-301F-11D3-BF4B-00C04F79EFBC}") = "Contacter.Infrastructure", "Contacter.Infrastructure\Contacter.Infrastructure.csproj", "{D14048B8-B322-46EC-8537-9716D3E86050}"
EndProject
Global
	GlobalSection(SolutionConfigurationPlatforms) = preSolution
		Debug|Any CPU = Debug|Any CPU
		Release|Any CPU = Release|Any CPU
	EndGlobalSection
	GlobalSection(ProjectConfigurationPlatforms) = postSolution
		{DA79B3AD-AF38-4710-80E4-06613304841C}.Debug|Any CPU.ActiveCfg = Debug|Any CPU
		{DA79B3AD-AF38-4710-80E4-06613304841C}.Debug|Any CPU.Build.0 = Debug|Any CPU
		{DA79B3AD-AF38-4710-80E4-06613304841C}.Release|Any CPU.ActiveCfg = Release|Any CPU
		{DA79B3AD-AF38-4710-80E4-06613304841C}.Release|Any CPU.Build.0 = Release|Any CPU
		{CC8EB697-935D-4C0E-8F1F-95A56732DFEF}.Debug|Any CPU.ActiveCfg = Debug|Any CPU
		{CC8EB697-935D-4C0E-8F1F-95A56732DFEF}.Debug|Any CPU.Build.0 = Debug|Any CPU
		{CC8EB697-935D-4C0E-8F1F-95A56732DFEF}.Release|Any CPU.ActiveCfg = Release|Any CPU
		{CC8EB697-935D-4C0E-8F1F-95A56732DFEF}.Release|Any CPU.Build.0 = Release|Any CPU
		{2D2A6A25-CDAE-494F-964D-CA99F66AE43C}.Debug|Any CPU.ActiveCfg = Debug|Any CPU
		{2D2A6A25-CDAE-494F-964D-CA99F66AE43C}.Debug|Any CPU.Build.0 = Debug|Any CPU
		{2D2A6A25-CDAE-494F-964D-CA99F66AE43C}.Release|Any CPU.ActiveCfg = Release|Any CPU
		{2D2A6A25-CDAE-494F-964D-CA99F66AE43C}.Release|Any CPU.Build.0 = Release|Any CPU
		{D14048B8-B322-46EC-8537-9716D3E86050}.Debug|Any CPU.ActiveCfg = Debug|Any CPU
		{D14048B8-B322-46EC-8537-9716D3E86050}.Debug|Any CPU.Build.0 = Debug|Any CPU
		{D14048B8-B322-46EC-8537-9716D3E86050}.Release|Any CPU.ActiveCfg = Release|Any CPU
		{D14048B8-B322-46EC-8537-9716D3E86050}.Release|Any CPU.Build.0 = Release|Any CPU
	EndGlobalSection
	GlobalSection(SolutionProperties) = preSolution
		HideSolutionNode = FALSE
	EndGlobalSection
	GlobalSection(ExtensibilityGlobals) = postSolution
		SolutionGuid = {78B0924D-E0D1-4188-B3FC-0FD064FB45C4}
	EndGlobalSection
EndGlobal
